
Microsoft Visual Studio Solution File, Format Version 12.00
# Visual Studio 15
VisualStudioVersion = 15.0.26430.6
MinimumVisualStudioVersion = 10.0.40219.1
Project("{FAE04EC0-301F-11D3-BF4B-00C04F79EFBC}") = "FsNet.Common", "FsNet.Common\FsNet.Common.csproj", "{C7436940-BD23-40AE-A962-CDCC9A071A5A}"
EndProject
Project("{FAE04EC0-301F-11D3-BF4B-00C04F79EFBC}") = "FsNet.Core", "FsNet.Core\FsNet.Core.csproj", "{58579419-5E14-41BF-BFB0-8DC9F81C1780}"
EndProject
Project("{FAE04EC0-301F-11D3-BF4B-00C04F79EFBC}") = "FsNet.Core.Service", "FsNet.Core.Service\FsNet.Core.Service.csproj", "{0CCF7A8F-144A-411C-8092-8297A41DA646}"
EndProject
Project("{FAE04EC0-301F-11D3-BF4B-00C04F79EFBC}") = "FsNet.Data.Contracts", "FsNet.Data.Contracts\FsNet.Data.Contracts.csproj", "{EB5E1067-00A2-470F-982F-85650DE6A9D4}"
EndProject
Project("{FAE04EC0-301F-11D3-BF4B-00C04F79EFBC}") = "FsNet.Data.Domain", "FsNet.Data.Domain\FsNet.Data.Domain.csproj", "{27873F29-5A06-459B-88B6-2984E6649216}"
EndProject
Project("{FAE04EC0-301F-11D3-BF4B-00C04F79EFBC}") = "FsNet.Data.EF", "FsNet.Data.EF\FsNet.Data.EF.csproj", "{F2E99B17-C314-4188-9265-1E3802DE57BB}"
EndProject
Project("{FAE04EC0-301F-11D3-BF4B-00C04F79EFBC}") = "FsNet.Data.Repository", "FsNet.Data.Repository\FsNet.Data.Repository.csproj", "{886B4446-9A1C-4307-89FF-7DD8922D031C}"
EndProject
Project("{FAE04EC0-301F-11D3-BF4B-00C04F79EFBC}") = "FsNet.Domain.ViewModel", "FsNet.Domain.ViewModel\FsNet.Domain.ViewModel.csproj", "{17FA9298-DE15-490F-B3B2-AE67B899F4F6}"
EndProject
Project("{FAE04EC0-301F-11D3-BF4B-00C04F79EFBC}") = "FsNet.UI.User", "FsNet.UI.User\FsNet.UI.User.csproj", "{ECEC5847-A033-4E48-B9CB-D8290B067CBF}"
EndProject
Project("{2150E333-8FDC-42A3-9474-1A3956D46DE8}") = "Core", "Core", "{3E17D86D-03CB-4780-B00B-4D1B147F266D}"
EndProject
Project("{2150E333-8FDC-42A3-9474-1A3956D46DE8}") = "Common", "Common", "{606E9ABE-7A98-4FBC-A3AC-9CFFE9720ECE}"
EndProject
Project("{2150E333-8FDC-42A3-9474-1A3956D46DE8}") = "Data", "Data", "{7460C1DA-732B-4207-9665-A1958163CB37}"
EndProject
Project("{2150E333-8FDC-42A3-9474-1A3956D46DE8}") = "Domain", "Domain", "{4AF9D748-C2A2-4DC0-AA7F-E1A6831BC820}"
EndProject
Project("{2150E333-8FDC-42A3-9474-1A3956D46DE8}") = "UI", "UI", "{C2C3A1E6-13D0-48EA-8FCE-803418A3CF4A}"
EndProject
Global
	GlobalSection(SolutionConfigurationPlatforms) = preSolution
		Debug|Any CPU = Debug|Any CPU
		Release|Any CPU = Release|Any CPU
	EndGlobalSection
	GlobalSection(ProjectConfigurationPlatforms) = postSolution
		{C7436940-BD23-40AE-A962-CDCC9A071A5A}.Debug|Any CPU.ActiveCfg = Debug|Any CPU
		{C7436940-BD23-40AE-A962-CDCC9A071A5A}.Debug|Any CPU.Build.0 = Debug|Any CPU
		{C7436940-BD23-40AE-A962-CDCC9A071A5A}.Release|Any CPU.ActiveCfg = Release|Any CPU
		{C7436940-BD23-40AE-A962-CDCC9A071A5A}.Release|Any CPU.Build.0 = Release|Any CPU
		{58579419-5E14-41BF-BFB0-8DC9F81C1780}.Debug|Any CPU.ActiveCfg = Debug|Any CPU
		{58579419-5E14-41BF-BFB0-8DC9F81C1780}.Debug|Any CPU.Build.0 = Debug|Any CPU
		{58579419-5E14-41BF-BFB0-8DC9F81C1780}.Release|Any CPU.ActiveCfg = Release|Any CPU
		{58579419-5E14-41BF-BFB0-8DC9F81C1780}.Release|Any CPU.Build.0 = Release|Any CPU
		{0CCF7A8F-144A-411C-8092-8297A41DA646}.Debug|Any CPU.ActiveCfg = Debug|Any CPU
		{0CCF7A8F-144A-411C-8092-8297A41DA646}.Debug|Any CPU.Build.0 = Debug|Any CPU
		{0CCF7A8F-144A-411C-8092-8297A41DA646}.Release|Any CPU.ActiveCfg = Release|Any CPU
		{0CCF7A8F-144A-411C-8092-8297A41DA646}.Release|Any CPU.Build.0 = Release|Any CPU
		{EB5E1067-00A2-470F-982F-85650DE6A9D4}.Debug|Any CPU.ActiveCfg = Debug|Any CPU
		{EB5E1067-00A2-470F-982F-85650DE6A9D4}.Debug|Any CPU.Build.0 = Debug|Any CPU
		{EB5E1067-00A2-470F-982F-85650DE6A9D4}.Release|Any CPU.ActiveCfg = Release|Any CPU
		{EB5E1067-00A2-470F-982F-85650DE6A9D4}.Release|Any CPU.Build.0 = Release|Any CPU
		{27873F29-5A06-459B-88B6-2984E6649216}.Debug|Any CPU.ActiveCfg = Debug|Any CPU
		{27873F29-5A06-459B-88B6-2984E6649216}.Debug|Any CPU.Build.0 = Debug|Any CPU
		{27873F29-5A06-459B-88B6-2984E6649216}.Release|Any CPU.ActiveCfg = Release|Any CPU
		{27873F29-5A06-459B-88B6-2984E6649216}.Release|Any CPU.Build.0 = Release|Any CPU
		{F2E99B17-C314-4188-9265-1E3802DE57BB}.Debug|Any CPU.ActiveCfg = Debug|Any CPU
		{F2E99B17-C314-4188-9265-1E3802DE57BB}.Debug|Any CPU.Build.0 = Debug|Any CPU
		{F2E99B17-C314-4188-9265-1E3802DE57BB}.Release|Any CPU.ActiveCfg = Release|Any CPU
		{F2E99B17-C314-4188-9265-1E3802DE57BB}.Release|Any CPU.Build.0 = Release|Any CPU
		{886B4446-9A1C-4307-89FF-7DD8922D031C}.Debug|Any CPU.ActiveCfg = Debug|Any CPU
		{886B4446-9A1C-4307-89FF-7DD8922D031C}.Debug|Any CPU.Build.0 = Debug|Any CPU
		{886B4446-9A1C-4307-89FF-7DD8922D031C}.Release|Any CPU.ActiveCfg = Release|Any CPU
		{886B4446-9A1C-4307-89FF-7DD8922D031C}.Release|Any CPU.Build.0 = Release|Any CPU
		{17FA9298-DE15-490F-B3B2-AE67B899F4F6}.Debug|Any CPU.ActiveCfg = Debug|Any CPU
		{17FA9298-DE15-490F-B3B2-AE67B899F4F6}.Debug|Any CPU.Build.0 = Debug|Any CPU
		{17FA9298-DE15-490F-B3B2-AE67B899F4F6}.Release|Any CPU.ActiveCfg = Release|Any CPU
		{17FA9298-DE15-490F-B3B2-AE67B899F4F6}.Release|Any CPU.Build.0 = Release|Any CPU
		{ECEC5847-A033-4E48-B9CB-D8290B067CBF}.Debug|Any CPU.ActiveCfg = Debug|Any CPU
		{ECEC5847-A033-4E48-B9CB-D8290B067CBF}.Debug|Any CPU.Build.0 = Debug|Any CPU
		{ECEC5847-A033-4E48-B9CB-D8290B067CBF}.Release|Any CPU.ActiveCfg = Release|Any CPU
		{ECEC5847-A033-4E48-B9CB-D8290B067CBF}.Release|Any CPU.Build.0 = Release|Any CPU
	EndGlobalSection
	GlobalSection(SolutionProperties) = preSolution
		HideSolutionNode = FALSE
	EndGlobalSection
	GlobalSection(NestedProjects) = preSolution
		{C7436940-BD23-40AE-A962-CDCC9A071A5A} = {606E9ABE-7A98-4FBC-A3AC-9CFFE9720ECE}
		{58579419-5E14-41BF-BFB0-8DC9F81C1780} = {3E17D86D-03CB-4780-B00B-4D1B147F266D}
		{0CCF7A8F-144A-411C-8092-8297A41DA646} = {3E17D86D-03CB-4780-B00B-4D1B147F266D}
		{EB5E1067-00A2-470F-982F-85650DE6A9D4} = {606E9ABE-7A98-4FBC-A3AC-9CFFE9720ECE}
		{27873F29-5A06-459B-88B6-2984E6649216} = {4AF9D748-C2A2-4DC0-AA7F-E1A6831BC820}
		{F2E99B17-C314-4188-9265-1E3802DE57BB} = {7460C1DA-732B-4207-9665-A1958163CB37}
		{886B4446-9A1C-4307-89FF-7DD8922D031C} = {7460C1DA-732B-4207-9665-A1958163CB37}
		{17FA9298-DE15-490F-B3B2-AE67B899F4F6} = {4AF9D748-C2A2-4DC0-AA7F-E1A6831BC820}
		{ECEC5847-A033-4E48-B9CB-D8290B067CBF} = {C2C3A1E6-13D0-48EA-8FCE-803418A3CF4A}
	EndGlobalSection
EndGlobal
